
Microsoft Visual Studio Solution File, Format Version 12.00
# Visual Studio Version 17
VisualStudioVersion = 17.0.31903.59
MinimumVisualStudioVersion = 10.0.40219.1
Project("{2150E333-8FDC-42A3-9474-1A3956D46DE8}") = "src", "src", "{FA0E9ADD-DEB8-4161-8BFD-D8F998D8F23B}"
EndProject
Project("{FAE04EC0-301F-11D3-BF4B-00C04F79EFBC}") = "VacationsPlanner.Core", "src\VacationsPlanner.Core\VacationsPlanner.Core.csproj", "{4C13A9B3-9478-45BE-B595-05C987377660}"
EndProject
Project("{2150E333-8FDC-42A3-9474-1A3956D46DE8}") = ".github", ".github", "{FF56A40C-541C-4936-98FC-DD02251928B8}"
	ProjectSection(SolutionItems) = preProject
		.github\workflows\build.yml = .github\workflows\build.yml
	EndProjectSection
EndProject
Global
	GlobalSection(SolutionConfigurationPlatforms) = preSolution
		Debug|Any CPU = Debug|Any CPU
		Release|Any CPU = Release|Any CPU
	EndGlobalSection
	GlobalSection(SolutionProperties) = preSolution
		HideSolutionNode = FALSE
	EndGlobalSection
	GlobalSection(ProjectConfigurationPlatforms) = postSolution
		{4C13A9B3-9478-45BE-B595-05C987377660}.Debug|Any CPU.ActiveCfg = Debug|Any CPU
		{4C13A9B3-9478-45BE-B595-05C987377660}.Debug|Any CPU.Build.0 = Debug|Any CPU
		{4C13A9B3-9478-45BE-B595-05C987377660}.Release|Any CPU.ActiveCfg = Release|Any CPU
		{4C13A9B3-9478-45BE-B595-05C987377660}.Release|Any CPU.Build.0 = Release|Any CPU
	EndGlobalSection
	GlobalSection(NestedProjects) = preSolution
		{4C13A9B3-9478-45BE-B595-05C987377660} = {FA0E9ADD-DEB8-4161-8BFD-D8F998D8F23B}
	EndGlobalSection
EndGlobal
